{
  "name": "starter-electron",
  "version": "0.0.0",
  "lockfileVersion": 2,
  "requires": true,
  "packages": {
    "": {
      "name": "starter-electron",
      "version": "0.0.0",
      "hasInstallScript": true,
      "license": "GPL-2.0",
      "dependencies": {
        "@livemoe/tool": "^0.0.14"
      }
    },
    "node_modules/@livemoe/tool": {
      "version": "0.0.14",
      "license": "MIT",
      "dependencies": {
        "bindings": "^1.5.0",
        "node-addon-api": "^5.0.0"
      }
    },
    "node_modules/bindings": {
      "version": "1.5.0",
      "license": "MIT",
      "dependencies": {
        "file-uri-to-path": "1.0.0"
      }
    },
    "node_modules/file-uri-to-path": {
      "version": "1.0.0",
      "license": "MIT"
    },
    "node_modules/node-addon-api": {
      "version": "5.0.0",
      "license": "MIT"
    }
  },
  "dependencies": {
    "@livemoe/tool": {
      "version": "0.0.14",
      "requires": {
        "bindings": "^1.5.0",
        "node-addon-api": "^5.0.0"
      }
    },
    "bindings": {
      "version": "1.5.0",
      "requires": {
        "file-uri-to-path": "1.0.0"
      }
    },
    "file-uri-to-path": {
      "version": "1.0.0"
    },
    "node-addon-api": {
      "version": "5.0.0"
    }
  }
}
